
Microsoft Visual Studio Solution File, Format Version 12.00
# Visual Studio Version 17
VisualStudioVersion = 17.4.33110.190
MinimumVisualStudioVersion = 10.0.40219.1
Project("{FAE04EC0-301F-11D3-BF4B-00C04F79EFBC}") = "SistemaVenta.Entity", "SistemaVenta.Entity\SistemaVenta.Entity.csproj", "{0A3379E0-3F66-4183-8969-0993A7CA20D2}"
EndProject
Project("{FAE04EC0-301F-11D3-BF4B-00C04F79EFBC}") = "SistemaVenta.DAL", "SistemaVenta.DAL\SistemaVenta.DAL.csproj", "{E787A775-0AE6-4E98-A616-FEEA693C15BC}"
EndProject
Project("{FAE04EC0-301F-11D3-BF4B-00C04F79EFBC}") = "SistemaVenta.BLL", "SistemaVenta.BLL\SistemaVenta.BLL.csproj", "{8200565E-1870-41A2-8214-7A4BA79E7884}"
EndProject
Project("{FAE04EC0-301F-11D3-BF4B-00C04F79EFBC}") = "SistemaVenta.IOC", "SistemaVenta.IOC\SistemaVenta.IOC.csproj", "{A4791933-2EDC-43C4-8680-3E002AA33E11}"
EndProject
Project("{FAE04EC0-301F-11D3-BF4B-00C04F79EFBC}") = "SistemaVenta.AplicacionWeb", "SistemaVenta.AplicacionWeb\SistemaVenta.AplicacionWeb.csproj", "{62D95123-8FA3-4F7A-ABE2-9BBF0A984D2E}"
EndProject
Global
	GlobalSection(SolutionConfigurationPlatforms) = preSolution
		Debug|Any CPU = Debug|Any CPU
		Release|Any CPU = Release|Any CPU
	EndGlobalSection
	GlobalSection(ProjectConfigurationPlatforms) = postSolution
		{0A3379E0-3F66-4183-8969-0993A7CA20D2}.Debug|Any CPU.ActiveCfg = Debug|Any CPU
		{0A3379E0-3F66-4183-8969-0993A7CA20D2}.Debug|Any CPU.Build.0 = Debug|Any CPU
		{0A3379E0-3F66-4183-8969-0993A7CA20D2}.Release|Any CPU.ActiveCfg = Release|Any CPU
		{0A3379E0-3F66-4183-8969-0993A7CA20D2}.Release|Any CPU.Build.0 = Release|Any CPU
		{E787A775-0AE6-4E98-A616-FEEA693C15BC}.Debug|Any CPU.ActiveCfg = Debug|Any CPU
		{E787A775-0AE6-4E98-A616-FEEA693C15BC}.Debug|Any CPU.Build.0 = Debug|Any CPU
		{E787A775-0AE6-4E98-A616-FEEA693C15BC}.Release|Any CPU.ActiveCfg = Release|Any CPU
		{E787A775-0AE6-4E98-A616-FEEA693C15BC}.Release|Any CPU.Build.0 = Release|Any CPU
		{8200565E-1870-41A2-8214-7A4BA79E7884}.Debug|Any CPU.ActiveCfg = Debug|Any CPU
		{8200565E-1870-41A2-8214-7A4BA79E7884}.Debug|Any CPU.Build.0 = Debug|Any CPU
		{8200565E-1870-41A2-8214-7A4BA79E7884}.Release|Any CPU.ActiveCfg = Release|Any CPU
		{8200565E-1870-41A2-8214-7A4BA79E7884}.Release|Any CPU.Build.0 = Release|Any CPU
		{A4791933-2EDC-43C4-8680-3E002AA33E11}.Debug|Any CPU.ActiveCfg = Debug|Any CPU
		{A4791933-2EDC-43C4-8680-3E002AA33E11}.Debug|Any CPU.Build.0 = Debug|Any CPU
		{A4791933-2EDC-43C4-8680-3E002AA33E11}.Release|Any CPU.ActiveCfg = Release|Any CPU
		{A4791933-2EDC-43C4-8680-3E002AA33E11}.Release|Any CPU.Build.0 = Release|Any CPU
		{62D95123-8FA3-4F7A-ABE2-9BBF0A984D2E}.Debug|Any CPU.ActiveCfg = Debug|Any CPU
		{62D95123-8FA3-4F7A-ABE2-9BBF0A984D2E}.Debug|Any CPU.Build.0 = Debug|Any CPU
		{62D95123-8FA3-4F7A-ABE2-9BBF0A984D2E}.Release|Any CPU.ActiveCfg = Release|Any CPU
		{62D95123-8FA3-4F7A-ABE2-9BBF0A984D2E}.Release|Any CPU.Build.0 = Release|Any CPU
	EndGlobalSection
	GlobalSection(SolutionProperties) = preSolution
		HideSolutionNode = FALSE
	EndGlobalSection
	GlobalSection(ExtensibilityGlobals) = postSolution
		SolutionGuid = {1DEE493F-EDCA-4F48-A7E1-3B47A21F3694}
	EndGlobalSection
EndGlobal
